
Microsoft Visual Studio Solution File, Format Version 12.00
# Visual Studio Version 17
VisualStudioVersion = 17.0.31903.59
MinimumVisualStudioVersion = 10.0.40219.1
Project("{2150E333-8FDC-42A3-9474-1A3956D46DE8}") = "services", "services", "{5854FF58-B8C5-05C6-5BF2-ACE42193F22B}"
EndProject
Project("{2150E333-8FDC-42A3-9474-1A3956D46DE8}") = "ProjectService", "ProjectService", "{24886977-3F92-472A-CE4F-C0024B1BC085}"
EndProject
Project("{2150E333-8FDC-42A3-9474-1A3956D46DE8}") = "src", "src", "{0CC00888-3990-5485-A784-E79637577312}"
EndProject
Project("{FAE04EC0-301F-11D3-BF4B-00C04F79EFBC}") = "Domain", "services\ProjectService\src\Domain\Domain.csproj", "{6944CA36-4D98-4F36-BDF6-6C130CA2E58A}"
EndProject
Project("{FAE04EC0-301F-11D3-BF4B-00C04F79EFBC}") = "Application", "services\ProjectService\src\Application\Application.csproj", "{FF94DE4B-C5CE-44B4-9910-E9D2CE548FCF}"
EndProject
Project("{FAE04EC0-301F-11D3-BF4B-00C04F79EFBC}") = "Infrastructure", "services\ProjectService\src\Infrastructure\Infrastructure.csproj", "{259EB777-E1FA-4AB8-A6AE-1653DE677605}"
EndProject
Project("{FAE04EC0-301F-11D3-BF4B-00C04F79EFBC}") = "API", "services\ProjectService\src\API\API.csproj", "{6E7871A8-BD9B-4597-9AED-79FBD7F1B170}"
EndProject
Project("{FAE04EC0-301F-11D3-BF4B-00C04F79EFBC}") = "UnitTests", "services\ProjectService\tests\UnitTests\UnitTests.csproj", "{63D78E7C-6DEE-40E8-8DB3-B424B665B9AE}"
EndProject
Project("{FAE04EC0-301F-11D3-BF4B-00C04F79EFBC}") = "IntegrationTests", "services\ProjectService\tests\IntegrationTests\IntegrationTests.csproj", "{665E2A4D-2C4D-494F-9A81-0FEB330DA54D}"
EndProject
Project("{2150E333-8FDC-42A3-9474-1A3956D46DE8}") = "UserService", "UserService", "{BB9B0570-D764-F740-A1C1-3444BA1D5022}"
EndProject
Project("{2150E333-8FDC-42A3-9474-1A3956D46DE8}") = "src", "src", "{C3D55D52-5DFC-885D-2B4A-9508FC7D90C4}"
EndProject
Project("{FAE04EC0-301F-11D3-BF4B-00C04F79EFBC}") = "Domain", "services\UserService\src\Domain\Domain.csproj", "{B8E289DD-B3AB-4E37-8424-E3E4D6153CD0}"
EndProject
Project("{FAE04EC0-301F-11D3-BF4B-00C04F79EFBC}") = "Application", "services\UserService\src\Application\Application.csproj", "{CF7EC3A1-7AE8-45E1-A061-E83030757122}"
EndProject
Project("{FAE04EC0-301F-11D3-BF4B-00C04F79EFBC}") = "Infrastructure", "services\UserService\src\Infrastructure\Infrastructure.csproj", "{DA0570E2-C45D-4D60-A24E-6F7A942CAFA0}"
EndProject
Project("{FAE04EC0-301F-11D3-BF4B-00C04F79EFBC}") = "API", "services\UserService\src\API\API.csproj", "{40A2F8C8-2957-4B4B-8293-052B75F5C12D}"
EndProject
Project("{FAE04EC0-301F-11D3-BF4B-00C04F79EFBC}") = "UnitTests", "services\UserService\tests\UnitTests\UnitTests.csproj", "{265A706D-6297-4DAE-B3FD-38915CE084DF}"
EndProject
Project("{FAE04EC0-301F-11D3-BF4B-00C04F79EFBC}") = "IntegrationTests", "services\UserService\tests\IntegrationTests\IntegrationTests.csproj", "{20CA82F3-0178-4D44-918D-B97A5B62A67A}"
EndProject
Project("{2150E333-8FDC-42A3-9474-1A3956D46DE8}") = "TaskService", "TaskService", "{2CBE1D28-0EC7-3B19-3A36-675A4D1AD6AD}"
EndProject
Project("{2150E333-8FDC-42A3-9474-1A3956D46DE8}") = "src", "src", "{CDA85012-73F4-D2AB-FE52-B7E59A0E5A08}"
EndProject
Project("{FAE04EC0-301F-11D3-BF4B-00C04F79EFBC}") = "Domain", "services\TaskService\src\Domain\Domain.csproj", "{F6E018DD-D39B-4738-9E0F-CD372733EB4E}"
EndProject
Project("{FAE04EC0-301F-11D3-BF4B-00C04F79EFBC}") = "Application", "services\TaskService\src\Application\Application.csproj", "{1E8E2076-FD6C-4148-AC9A-127B880BC902}"
EndProject
Project("{FAE04EC0-301F-11D3-BF4B-00C04F79EFBC}") = "Infrastructure", "services\TaskService\src\Infrastructure\Infrastructure.csproj", "{F15CA170-1FC1-4BE8-ADB3-1AFF42C8B78D}"
EndProject
Project("{FAE04EC0-301F-11D3-BF4B-00C04F79EFBC}") = "API", "services\TaskService\src\API\API.csproj", "{45B70A26-7889-480A-BDE4-F927C2E98161}"
EndProject
Project("{FAE04EC0-301F-11D3-BF4B-00C04F79EFBC}") = "UnitTests", "services\TaskService\tests\UnitTests\UnitTests.csproj", "{A991914F-0B07-4715-AA96-3FEB5DBF24A9}"
EndProject
Project("{FAE04EC0-301F-11D3-BF4B-00C04F79EFBC}") = "IntegrationTests", "services\TaskService\tests\IntegrationTests\IntegrationTests.csproj", "{119FADA1-4CA5-4697-AD45-A8229C73D7FF}"
EndProject
Project("{2150E333-8FDC-42A3-9474-1A3956D46DE8}") = "TeamService", "TeamService", "{B2371C85-EE22-8BA6-6B52-3885C4B67810}"
EndProject
Project("{2150E333-8FDC-42A3-9474-1A3956D46DE8}") = "src", "src", "{88A35435-571F-0901-64FB-6FD573CE7C29}"
EndProject
Project("{FAE04EC0-301F-11D3-BF4B-00C04F79EFBC}") = "Domain", "services\TeamService\src\Domain\Domain.csproj", "{EA5C8165-3ADE-40F5-9A5E-DC61895BC397}"
EndProject
Project("{FAE04EC0-301F-11D3-BF4B-00C04F79EFBC}") = "Application", "services\TeamService\src\Application\Application.csproj", "{F345770E-78AF-4F33-8FE3-55CB85CB47AA}"
EndProject
Project("{FAE04EC0-301F-11D3-BF4B-00C04F79EFBC}") = "Infrastructure", "services\TeamService\src\Infrastructure\Infrastructure.csproj", "{E2D0ECE7-010B-410C-87D7-70EFCE785C24}"
EndProject
Project("{FAE04EC0-301F-11D3-BF4B-00C04F79EFBC}") = "API", "services\TeamService\src\API\API.csproj", "{E3CE3968-82DE-445F-95E0-E4E65F822857}"
EndProject
Project("{FAE04EC0-301F-11D3-BF4B-00C04F79EFBC}") = "UnitTests", "services\TeamService\tests\UnitTests\UnitTests.csproj", "{AAAAC43B-EE20-468D-89B4-097640DD7842}"
EndProject
Project("{FAE04EC0-301F-11D3-BF4B-00C04F79EFBC}") = "IntegrationTests", "services\TeamService\tests\IntegrationTests\IntegrationTests.csproj", "{3D140C7A-A0D0-451A-A7C3-DB52AFB291B6}"
EndProject
Project("{FAE04EC0-301F-11D3-BF4B-00C04F79EFBC}") = "ApiGateway", "services\ApiGateway\ApiGateway.csproj", "{A47EE57F-72C6-4C8A-9423-D73DD24C219C}"
EndProject
Global
	GlobalSection(SolutionConfigurationPlatforms) = preSolution
		Debug|Any CPU = Debug|Any CPU
		Debug|x64 = Debug|x64
		Debug|x86 = Debug|x86
		Release|Any CPU = Release|Any CPU
		Release|x64 = Release|x64
		Release|x86 = Release|x86
	EndGlobalSection
	GlobalSection(ProjectConfigurationPlatforms) = postSolution
		{6944CA36-4D98-4F36-BDF6-6C130CA2E58A}.Debug|Any CPU.ActiveCfg = Debug|Any CPU
		{6944CA36-4D98-4F36-BDF6-6C130CA2E58A}.Debug|Any CPU.Build.0 = Debug|Any CPU
		{6944CA36-4D98-4F36-BDF6-6C130CA2E58A}.Debug|x64.ActiveCfg = Debug|Any CPU
		{6944CA36-4D98-4F36-BDF6-6C130CA2E58A}.Debug|x64.Build.0 = Debug|Any CPU
		{6944CA36-4D98-4F36-BDF6-6C130CA2E58A}.Debug|x86.ActiveCfg = Debug|Any CPU
		{6944CA36-4D98-4F36-BDF6-6C130CA2E58A}.Debug|x86.Build.0 = Debug|Any CPU
		{6944CA36-4D98-4F36-BDF6-6C130CA2E58A}.Release|Any CPU.ActiveCfg = Release|Any CPU
		{6944CA36-4D98-4F36-BDF6-6C130CA2E58A}.Release|Any CPU.Build.0 = Release|Any CPU
		{6944CA36-4D98-4F36-BDF6-6C130CA2E58A}.Release|x64.ActiveCfg = Release|Any CPU
		{6944CA36-4D98-4F36-BDF6-6C130CA2E58A}.Release|x64.Build.0 = Release|Any CPU
		{6944CA36-4D98-4F36-BDF6-6C130CA2E58A}.Release|x86.ActiveCfg = Release|Any CPU
		{6944CA36-4D98-4F36-BDF6-6C130CA2E58A}.Release|x86.Build.0 = Release|Any CPU
		{FF94DE4B-C5CE-44B4-9910-E9D2CE548FCF}.Debug|Any CPU.ActiveCfg = Debug|Any CPU
		{FF94DE4B-C5CE-44B4-9910-E9D2CE548FCF}.Debug|Any CPU.Build.0 = Debug|Any CPU
		{FF94DE4B-C5CE-44B4-9910-E9D2CE548FCF}.Debug|x64.ActiveCfg = Debug|Any CPU
		{FF94DE4B-C5CE-44B4-9910-E9D2CE548FCF}.Debug|x64.Build.0 = Debug|Any CPU
		{FF94DE4B-C5CE-44B4-9910-E9D2CE548FCF}.Debug|x86.ActiveCfg = Debug|Any CPU
		{FF94DE4B-C5CE-44B4-9910-E9D2CE548FCF}.Debug|x86.Build.0 = Debug|Any CPU
		{FF94DE4B-C5CE-44B4-9910-E9D2CE548FCF}.Release|Any CPU.ActiveCfg = Release|Any CPU
		{FF94DE4B-C5CE-44B4-9910-E9D2CE548FCF}.Release|Any CPU.Build.0 = Release|Any CPU
		{FF94DE4B-C5CE-44B4-9910-E9D2CE548FCF}.Release|x64.ActiveCfg = Release|Any CPU
		{FF94DE4B-C5CE-44B4-9910-E9D2CE548FCF}.Release|x64.Build.0 = Release|Any CPU
		{FF94DE4B-C5CE-44B4-9910-E9D2CE548FCF}.Release|x86.ActiveCfg = Release|Any CPU
		{FF94DE4B-C5CE-44B4-9910-E9D2CE548FCF}.Release|x86.Build.0 = Release|Any CPU
		{259EB777-E1FA-4AB8-A6AE-1653DE677605}.Debug|Any CPU.ActiveCfg = Debug|Any CPU
		{259EB777-E1FA-4AB8-A6AE-1653DE677605}.Debug|Any CPU.Build.0 = Debug|Any CPU
		{259EB777-E1FA-4AB8-A6AE-1653DE677605}.Debug|x64.ActiveCfg = Debug|Any CPU
		{259EB777-E1FA-4AB8-A6AE-1653DE677605}.Debug|x64.Build.0 = Debug|Any CPU
		{259EB777-E1FA-4AB8-A6AE-1653DE677605}.Debug|x86.ActiveCfg = Debug|Any CPU
		{259EB777-E1FA-4AB8-A6AE-1653DE677605}.Debug|x86.Build.0 = Debug|Any CPU
		{259EB777-E1FA-4AB8-A6AE-1653DE677605}.Release|Any CPU.ActiveCfg = Release|Any CPU
		{259EB777-E1FA-4AB8-A6AE-1653DE677605}.Release|Any CPU.Build.0 = Release|Any CPU
		{259EB777-E1FA-4AB8-A6AE-1653DE677605}.Release|x64.ActiveCfg = Release|Any CPU
		{259EB777-E1FA-4AB8-A6AE-1653DE677605}.Release|x64.Build.0 = Release|Any CPU
		{259EB777-E1FA-4AB8-A6AE-1653DE677605}.Release|x86.ActiveCfg = Release|Any CPU
		{259EB777-E1FA-4AB8-A6AE-1653DE677605}.Release|x86.Build.0 = Release|Any CPU
		{6E7871A8-BD9B-4597-9AED-79FBD7F1B170}.Debug|Any CPU.ActiveCfg = Debug|Any CPU
		{6E7871A8-BD9B-4597-9AED-79FBD7F1B170}.Debug|Any CPU.Build.0 = Debug|Any CPU
		{6E7871A8-BD9B-4597-9AED-79FBD7F1B170}.Debug|x64.ActiveCfg = Debug|Any CPU
		{6E7871A8-BD9B-4597-9AED-79FBD7F1B170}.Debug|x64.Build.0 = Debug|Any CPU
		{6E7871A8-BD9B-4597-9AED-79FBD7F1B170}.Debug|x86.ActiveCfg = Debug|Any CPU
		{6E7871A8-BD9B-4597-9AED-79FBD7F1B170}.Debug|x86.Build.0 = Debug|Any CPU
		{6E7871A8-BD9B-4597-9AED-79FBD7F1B170}.Release|Any CPU.ActiveCfg = Release|Any CPU
		{6E7871A8-BD9B-4597-9AED-79FBD7F1B170}.Release|Any CPU.Build.0 = Release|Any CPU
		{6E7871A8-BD9B-4597-9AED-79FBD7F1B170}.Release|x64.ActiveCfg = Release|Any CPU
		{6E7871A8-BD9B-4597-9AED-79FBD7F1B170}.Release|x64.Build.0 = Release|Any CPU
		{6E7871A8-BD9B-4597-9AED-79FBD7F1B170}.Release|x86.ActiveCfg = Release|Any CPU
		{6E7871A8-BD9B-4597-9AED-79FBD7F1B170}.Release|x86.Build.0 = Release|Any CPU
		{63D78E7C-6DEE-40E8-8DB3-B424B665B9AE}.Debug|Any CPU.ActiveCfg = Debug|Any CPU
		{63D78E7C-6DEE-40E8-8DB3-B424B665B9AE}.Debug|Any CPU.Build.0 = Debug|Any CPU
		{63D78E7C-6DEE-40E8-8DB3-B424B665B9AE}.Debug|x64.ActiveCfg = Debug|Any CPU
		{63D78E7C-6DEE-40E8-8DB3-B424B665B9AE}.Debug|x64.Build.0 = Debug|Any CPU
		{63D78E7C-6DEE-40E8-8DB3-B424B665B9AE}.Debug|x86.ActiveCfg = Debug|Any CPU
		{63D78E7C-6DEE-40E8-8DB3-B424B665B9AE}.Debug|x86.Build.0 = Debug|Any CPU
		{63D78E7C-6DEE-40E8-8DB3-B424B665B9AE}.Release|Any CPU.ActiveCfg = Release|Any CPU
		{63D78E7C-6DEE-40E8-8DB3-B424B665B9AE}.Release|Any CPU.Build.0 = Release|Any CPU
		{63D78E7C-6DEE-40E8-8DB3-B424B665B9AE}.Release|x64.ActiveCfg = Release|Any CPU
		{63D78E7C-6DEE-40E8-8DB3-B424B665B9AE}.Release|x64.Build.0 = Release|Any CPU
		{63D78E7C-6DEE-40E8-8DB3-B424B665B9AE}.Release|x86.ActiveCfg = Release|Any CPU
		{63D78E7C-6DEE-40E8-8DB3-B424B665B9AE}.Release|x86.Build.0 = Release|Any CPU
		{665E2A4D-2C4D-494F-9A81-0FEB330DA54D}.Debug|Any CPU.ActiveCfg = Debug|Any CPU
		{665E2A4D-2C4D-494F-9A81-0FEB330DA54D}.Debug|Any CPU.Build.0 = Debug|Any CPU
		{665E2A4D-2C4D-494F-9A81-0FEB330DA54D}.Debug|x64.ActiveCfg = Debug|Any CPU
		{665E2A4D-2C4D-494F-9A81-0FEB330DA54D}.Debug|x64.Build.0 = Debug|Any CPU
		{665E2A4D-2C4D-494F-9A81-0FEB330DA54D}.Debug|x86.ActiveCfg = Debug|Any CPU
		{665E2A4D-2C4D-494F-9A81-0FEB330DA54D}.Debug|x86.Build.0 = Debug|Any CPU
		{665E2A4D-2C4D-494F-9A81-0FEB330DA54D}.Release|Any CPU.ActiveCfg = Release|Any CPU
		{665E2A4D-2C4D-494F-9A81-0FEB330DA54D}.Release|Any CPU.Build.0 = Release|Any CPU
		{665E2A4D-2C4D-494F-9A81-0FEB330DA54D}.Release|x64.ActiveCfg = Release|Any CPU
		{665E2A4D-2C4D-494F-9A81-0FEB330DA54D}.Release|x64.Build.0 = Release|Any CPU
		{665E2A4D-2C4D-494F-9A81-0FEB330DA54D}.Release|x86.ActiveCfg = Release|Any CPU
		{665E2A4D-2C4D-494F-9A81-0FEB330DA54D}.Release|x86.Build.0 = Release|Any CPU
		{B8E289DD-B3AB-4E37-8424-E3E4D6153CD0}.Debug|Any CPU.ActiveCfg = Debug|Any CPU
		{B8E289DD-B3AB-4E37-8424-E3E4D6153CD0}.Debug|Any CPU.Build.0 = Debug|Any CPU
		{B8E289DD-B3AB-4E37-8424-E3E4D6153CD0}.Debug|x64.ActiveCfg = Debug|Any CPU
		{B8E289DD-B3AB-4E37-8424-E3E4D6153CD0}.Debug|x64.Build.0 = Debug|Any CPU
		{B8E289DD-B3AB-4E37-8424-E3E4D6153CD0}.Debug|x86.ActiveCfg = Debug|Any CPU
		{B8E289DD-B3AB-4E37-8424-E3E4D6153CD0}.Debug|x86.Build.0 = Debug|Any CPU
		{B8E289DD-B3AB-4E37-8424-E3E4D6153CD0}.Release|Any CPU.ActiveCfg = Release|Any CPU
		{B8E289DD-B3AB-4E37-8424-E3E4D6153CD0}.Release|Any CPU.Build.0 = Release|Any CPU
		{B8E289DD-B3AB-4E37-8424-E3E4D6153CD0}.Release|x64.ActiveCfg = Release|Any CPU
		{B8E289DD-B3AB-4E37-8424-E3E4D6153CD0}.Release|x64.Build.0 = Release|Any CPU
		{B8E289DD-B3AB-4E37-8424-E3E4D6153CD0}.Release|x86.ActiveCfg = Release|Any CPU
		{B8E289DD-B3AB-4E37-8424-E3E4D6153CD0}.Release|x86.Build.0 = Release|Any CPU
		{CF7EC3A1-7AE8-45E1-A061-E83030757122}.Debug|Any CPU.ActiveCfg = Debug|Any CPU
		{CF7EC3A1-7AE8-45E1-A061-E83030757122}.Debug|Any CPU.Build.0 = Debug|Any CPU
		{CF7EC3A1-7AE8-45E1-A061-E83030757122}.Debug|x64.ActiveCfg = Debug|Any CPU
		{CF7EC3A1-7AE8-45E1-A061-E83030757122}.Debug|x64.Build.0 = Debug|Any CPU
		{CF7EC3A1-7AE8-45E1-A061-E83030757122}.Debug|x86.ActiveCfg = Debug|Any CPU
		{CF7EC3A1-7AE8-45E1-A061-E83030757122}.Debug|x86.Build.0 = Debug|Any CPU
		{CF7EC3A1-7AE8-45E1-A061-E83030757122}.Release|Any CPU.ActiveCfg = Release|Any CPU
		{CF7EC3A1-7AE8-45E1-A061-E83030757122}.Release|Any CPU.Build.0 = Release|Any CPU
		{CF7EC3A1-7AE8-45E1-A061-E83030757122}.Release|x64.ActiveCfg = Release|Any CPU
		{CF7EC3A1-7AE8-45E1-A061-E83030757122}.Release|x64.Build.0 = Release|Any CPU
		{CF7EC3A1-7AE8-45E1-A061-E83030757122}.Release|x86.ActiveCfg = Release|Any CPU
		{CF7EC3A1-7AE8-45E1-A061-E83030757122}.Release|x86.Build.0 = Release|Any CPU
		{DA0570E2-C45D-4D60-A24E-6F7A942CAFA0}.Debug|Any CPU.ActiveCfg = Debug|Any CPU
		{DA0570E2-C45D-4D60-A24E-6F7A942CAFA0}.Debug|Any CPU.Build.0 = Debug|Any CPU
		{DA0570E2-C45D-4D60-A24E-6F7A942CAFA0}.Debug|x64.ActiveCfg = Debug|Any CPU
		{DA0570E2-C45D-4D60-A24E-6F7A942CAFA0}.Debug|x64.Build.0 = Debug|Any CPU
		{DA0570E2-C45D-4D60-A24E-6F7A942CAFA0}.Debug|x86.ActiveCfg = Debug|Any CPU
		{DA0570E2-C45D-4D60-A24E-6F7A942CAFA0}.Debug|x86.Build.0 = Debug|Any CPU
		{DA0570E2-C45D-4D60-A24E-6F7A942CAFA0}.Release|Any CPU.ActiveCfg = Release|Any CPU
		{DA0570E2-C45D-4D60-A24E-6F7A942CAFA0}.Release|Any CPU.Build.0 = Release|Any CPU
		{DA0570E2-C45D-4D60-A24E-6F7A942CAFA0}.Release|x64.ActiveCfg = Release|Any CPU
		{DA0570E2-C45D-4D60-A24E-6F7A942CAFA0}.Release|x64.Build.0 = Release|Any CPU
		{DA0570E2-C45D-4D60-A24E-6F7A942CAFA0}.Release|x86.ActiveCfg = Release|Any CPU
		{DA0570E2-C45D-4D60-A24E-6F7A942CAFA0}.Release|x86.Build.0 = Release|Any CPU
		{40A2F8C8-2957-4B4B-8293-052B75F5C12D}.Debug|Any CPU.ActiveCfg = Debug|Any CPU
		{40A2F8C8-2957-4B4B-8293-052B75F5C12D}.Debug|Any CPU.Build.0 = Debug|Any CPU
		{40A2F8C8-2957-4B4B-8293-052B75F5C12D}.Debug|x64.ActiveCfg = Debug|Any CPU
		{40A2F8C8-2957-4B4B-8293-052B75F5C12D}.Debug|x64.Build.0 = Debug|Any CPU
		{40A2F8C8-2957-4B4B-8293-052B75F5C12D}.Debug|x86.ActiveCfg = Debug|Any CPU
		{40A2F8C8-2957-4B4B-8293-052B75F5C12D}.Debug|x86.Build.0 = Debug|Any CPU
		{40A2F8C8-2957-4B4B-8293-052B75F5C12D}.Release|Any CPU.ActiveCfg = Release|Any CPU
		{40A2F8C8-2957-4B4B-8293-052B75F5C12D}.Release|Any CPU.Build.0 = Release|Any CPU
		{40A2F8C8-2957-4B4B-8293-052B75F5C12D}.Release|x64.ActiveCfg = Release|Any CPU
		{40A2F8C8-2957-4B4B-8293-052B75F5C12D}.Release|x64.Build.0 = Release|Any CPU
		{40A2F8C8-2957-4B4B-8293-052B75F5C12D}.Release|x86.ActiveCfg = Release|Any CPU
		{40A2F8C8-2957-4B4B-8293-052B75F5C12D}.Release|x86.Build.0 = Release|Any CPU
		{265A706D-6297-4DAE-B3FD-38915CE084DF}.Debug|Any CPU.ActiveCfg = Debug|Any CPU
		{265A706D-6297-4DAE-B3FD-38915CE084DF}.Debug|Any CPU.Build.0 = Debug|Any CPU
		{265A706D-6297-4DAE-B3FD-38915CE084DF}.Debug|x64.ActiveCfg = Debug|Any CPU
		{265A706D-6297-4DAE-B3FD-38915CE084DF}.Debug|x64.Build.0 = Debug|Any CPU
		{265A706D-6297-4DAE-B3FD-38915CE084DF}.Debug|x86.ActiveCfg = Debug|Any CPU
		{265A706D-6297-4DAE-B3FD-38915CE084DF}.Debug|x86.Build.0 = Debug|Any CPU
		{265A706D-6297-4DAE-B3FD-38915CE084DF}.Release|Any CPU.ActiveCfg = Release|Any CPU
		{265A706D-6297-4DAE-B3FD-38915CE084DF}.Release|Any CPU.Build.0 = Release|Any CPU
		{265A706D-6297-4DAE-B3FD-38915CE084DF}.Release|x64.ActiveCfg = Release|Any CPU
		{265A706D-6297-4DAE-B3FD-38915CE084DF}.Release|x64.Build.0 = Release|Any CPU
		{265A706D-6297-4DAE-B3FD-38915CE084DF}.Release|x86.ActiveCfg = Release|Any CPU
		{265A706D-6297-4DAE-B3FD-38915CE084DF}.Release|x86.Build.0 = Release|Any CPU
		{20CA82F3-0178-4D44-918D-B97A5B62A67A}.Debug|Any CPU.ActiveCfg = Debug|Any CPU
		{20CA82F3-0178-4D44-918D-B97A5B62A67A}.Debug|Any CPU.Build.0 = Debug|Any CPU
		{20CA82F3-0178-4D44-918D-B97A5B62A67A}.Debug|x64.ActiveCfg = Debug|Any CPU
		{20CA82F3-0178-4D44-918D-B97A5B62A67A}.Debug|x64.Build.0 = Debug|Any CPU
		{20CA82F3-0178-4D44-918D-B97A5B62A67A}.Debug|x86.ActiveCfg = Debug|Any CPU
		{20CA82F3-0178-4D44-918D-B97A5B62A67A}.Debug|x86.Build.0 = Debug|Any CPU
		{20CA82F3-0178-4D44-918D-B97A5B62A67A}.Release|Any CPU.ActiveCfg = Release|Any CPU
		{20CA82F3-0178-4D44-918D-B97A5B62A67A}.Release|Any CPU.Build.0 = Release|Any CPU
		{20CA82F3-0178-4D44-918D-B97A5B62A67A}.Release|x64.ActiveCfg = Release|Any CPU
		{20CA82F3-0178-4D44-918D-B97A5B62A67A}.Release|x64.Build.0 = Release|Any CPU
		{20CA82F3-0178-4D44-918D-B97A5B62A67A}.Release|x86.ActiveCfg = Release|Any CPU
		{20CA82F3-0178-4D44-918D-B97A5B62A67A}.Release|x86.Build.0 = Release|Any CPU
		{F6E018DD-D39B-4738-9E0F-CD372733EB4E}.Debug|Any CPU.ActiveCfg = Debug|Any CPU
		{F6E018DD-D39B-4738-9E0F-CD372733EB4E}.Debug|Any CPU.Build.0 = Debug|Any CPU
		{F6E018DD-D39B-4738-9E0F-CD372733EB4E}.Debug|x64.ActiveCfg = Debug|Any CPU
		{F6E018DD-D39B-4738-9E0F-CD372733EB4E}.Debug|x64.Build.0 = Debug|Any CPU
		{F6E018DD-D39B-4738-9E0F-CD372733EB4E}.Debug|x86.ActiveCfg = Debug|Any CPU
		{F6E018DD-D39B-4738-9E0F-CD372733EB4E}.Debug|x86.Build.0 = Debug|Any CPU
		{F6E018DD-D39B-4738-9E0F-CD372733EB4E}.Release|Any CPU.ActiveCfg = Release|Any CPU
		{F6E018DD-D39B-4738-9E0F-CD372733EB4E}.Release|Any CPU.Build.0 = Release|Any CPU
		{F6E018DD-D39B-4738-9E0F-CD372733EB4E}.Release|x64.ActiveCfg = Release|Any CPU
		{F6E018DD-D39B-4738-9E0F-CD372733EB4E}.Release|x64.Build.0 = Release|Any CPU
		{F6E018DD-D39B-4738-9E0F-CD372733EB4E}.Release|x86.ActiveCfg = Release|Any CPU
		{F6E018DD-D39B-4738-9E0F-CD372733EB4E}.Release|x86.Build.0 = Release|Any CPU
		{1E8E2076-FD6C-4148-AC9A-127B880BC902}.Debug|Any CPU.ActiveCfg = Debug|Any CPU
		{1E8E2076-FD6C-4148-AC9A-127B880BC902}.Debug|Any CPU.Build.0 = Debug|Any CPU
		{1E8E2076-FD6C-4148-AC9A-127B880BC902}.Debug|x64.ActiveCfg = Debug|Any CPU
		{1E8E2076-FD6C-4148-AC9A-127B880BC902}.Debug|x64.Build.0 = Debug|Any CPU
		{1E8E2076-FD6C-4148-AC9A-127B880BC902}.Debug|x86.ActiveCfg = Debug|Any CPU
		{1E8E2076-FD6C-4148-AC9A-127B880BC902}.Debug|x86.Build.0 = Debug|Any CPU
		{1E8E2076-FD6C-4148-AC9A-127B880BC902}.Release|Any CPU.ActiveCfg = Release|Any CPU
		{1E8E2076-FD6C-4148-AC9A-127B880BC902}.Release|Any CPU.Build.0 = Release|Any CPU
		{1E8E2076-FD6C-4148-AC9A-127B880BC902}.Release|x64.ActiveCfg = Release|Any CPU
		{1E8E2076-FD6C-4148-AC9A-127B880BC902}.Release|x64.Build.0 = Release|Any CPU
		{1E8E2076-FD6C-4148-AC9A-127B880BC902}.Release|x86.ActiveCfg = Release|Any CPU
		{1E8E2076-FD6C-4148-AC9A-127B880BC902}.Release|x86.Build.0 = Release|Any CPU
		{F15CA170-1FC1-4BE8-ADB3-1AFF42C8B78D}.Debug|Any CPU.ActiveCfg = Debug|Any CPU
		{F15CA170-1FC1-4BE8-ADB3-1AFF42C8B78D}.Debug|Any CPU.Build.0 = Debug|Any CPU
		{F15CA170-1FC1-4BE8-ADB3-1AFF42C8B78D}.Debug|x64.ActiveCfg = Debug|Any CPU
		{F15CA170-1FC1-4BE8-ADB3-1AFF42C8B78D}.Debug|x64.Build.0 = Debug|Any CPU
		{F15CA170-1FC1-4BE8-ADB3-1AFF42C8B78D}.Debug|x86.ActiveCfg = Debug|Any CPU
		{F15CA170-1FC1-4BE8-ADB3-1AFF42C8B78D}.Debug|x86.Build.0 = Debug|Any CPU
		{F15CA170-1FC1-4BE8-ADB3-1AFF42C8B78D}.Release|Any CPU.ActiveCfg = Release|Any CPU
		{F15CA170-1FC1-4BE8-ADB3-1AFF42C8B78D}.Release|Any CPU.Build.0 = Release|Any CPU
		{F15CA170-1FC1-4BE8-ADB3-1AFF42C8B78D}.Release|x64.ActiveCfg = Release|Any CPU
		{F15CA170-1FC1-4BE8-ADB3-1AFF42C8B78D}.Release|x64.Build.0 = Release|Any CPU
		{F15CA170-1FC1-4BE8-ADB3-1AFF42C8B78D}.Release|x86.ActiveCfg = Release|Any CPU
		{F15CA170-1FC1-4BE8-ADB3-1AFF42C8B78D}.Release|x86.Build.0 = Release|Any CPU
		{45B70A26-7889-480A-BDE4-F927C2E98161}.Debug|Any CPU.ActiveCfg = Debug|Any CPU
		{45B70A26-7889-480A-BDE4-F927C2E98161}.Debug|Any CPU.Build.0 = Debug|Any CPU
		{45B70A26-7889-480A-BDE4-F927C2E98161}.Debug|x64.ActiveCfg = Debug|Any CPU
		{45B70A26-7889-480A-BDE4-F927C2E98161}.Debug|x64.Build.0 = Debug|Any CPU
		{45B70A26-7889-480A-BDE4-F927C2E98161}.Debug|x86.ActiveCfg = Debug|Any CPU
		{45B70A26-7889-480A-BDE4-F927C2E98161}.Debug|x86.Build.0 = Debug|Any CPU
		{45B70A26-7889-480A-BDE4-F927C2E98161}.Release|Any CPU.ActiveCfg = Release|Any CPU
		{45B70A26-7889-480A-BDE4-F927C2E98161}.Release|Any CPU.Build.0 = Release|Any CPU
		{45B70A26-7889-480A-BDE4-F927C2E98161}.Release|x64.ActiveCfg = Release|Any CPU
		{45B70A26-7889-480A-BDE4-F927C2E98161}.Release|x64.Build.0 = Release|Any CPU
		{45B70A26-7889-480A-BDE4-F927C2E98161}.Release|x86.ActiveCfg = Release|Any CPU
		{45B70A26-7889-480A-BDE4-F927C2E98161}.Release|x86.Build.0 = Release|Any CPU
		{A991914F-0B07-4715-AA96-3FEB5DBF24A9}.Debug|Any CPU.ActiveCfg = Debug|Any CPU
		{A991914F-0B07-4715-AA96-3FEB5DBF24A9}.Debug|Any CPU.Build.0 = Debug|Any CPU
		{A991914F-0B07-4715-AA96-3FEB5DBF24A9}.Debug|x64.ActiveCfg = Debug|Any CPU
		{A991914F-0B07-4715-AA96-3FEB5DBF24A9}.Debug|x64.Build.0 = Debug|Any CPU
		{A991914F-0B07-4715-AA96-3FEB5DBF24A9}.Debug|x86.ActiveCfg = Debug|Any CPU
		{A991914F-0B07-4715-AA96-3FEB5DBF24A9}.Debug|x86.Build.0 = Debug|Any CPU
		{A991914F-0B07-4715-AA96-3FEB5DBF24A9}.Release|Any CPU.ActiveCfg = Release|Any CPU
		{A991914F-0B07-4715-AA96-3FEB5DBF24A9}.Release|Any CPU.Build.0 = Release|Any CPU
		{A991914F-0B07-4715-AA96-3FEB5DBF24A9}.Release|x64.ActiveCfg = Release|Any CPU
		{A991914F-0B07-4715-AA96-3FEB5DBF24A9}.Release|x64.Build.0 = Release|Any CPU
		{A991914F-0B07-4715-AA96-3FEB5DBF24A9}.Release|x86.ActiveCfg = Release|Any CPU
		{A991914F-0B07-4715-AA96-3FEB5DBF24A9}.Release|x86.Build.0 = Release|Any CPU
		{119FADA1-4CA5-4697-AD45-A8229C73D7FF}.Debug|Any CPU.ActiveCfg = Debug|Any CPU
		{119FADA1-4CA5-4697-AD45-A8229C73D7FF}.Debug|Any CPU.Build.0 = Debug|Any CPU
		{119FADA1-4CA5-4697-AD45-A8229C73D7FF}.Debug|x64.ActiveCfg = Debug|Any CPU
		{119FADA1-4CA5-4697-AD45-A8229C73D7FF}.Debug|x64.Build.0 = Debug|Any CPU
		{119FADA1-4CA5-4697-AD45-A8229C73D7FF}.Debug|x86.ActiveCfg = Debug|Any CPU
		{119FADA1-4CA5-4697-AD45-A8229C73D7FF}.Debug|x86.Build.0 = Debug|Any CPU
		{119FADA1-4CA5-4697-AD45-A8229C73D7FF}.Release|Any CPU.ActiveCfg = Release|Any CPU
		{119FADA1-4CA5-4697-AD45-A8229C73D7FF}.Release|Any CPU.Build.0 = Release|Any CPU
		{119FADA1-4CA5-4697-AD45-A8229C73D7FF}.Release|x64.ActiveCfg = Release|Any CPU
		{119FADA1-4CA5-4697-AD45-A8229C73D7FF}.Release|x64.Build.0 = Release|Any CPU
		{119FADA1-4CA5-4697-AD45-A8229C73D7FF}.Release|x86.ActiveCfg = Release|Any CPU
		{119FADA1-4CA5-4697-AD45-A8229C73D7FF}.Release|x86.Build.0 = Release|Any CPU
		{EA5C8165-3ADE-40F5-9A5E-DC61895BC397}.Debug|Any CPU.ActiveCfg = Debug|Any CPU
		{EA5C8165-3ADE-40F5-9A5E-DC61895BC397}.Debug|Any CPU.Build.0 = Debug|Any CPU
		{EA5C8165-3ADE-40F5-9A5E-DC61895BC397}.Debug|x64.ActiveCfg = Debug|Any CPU
		{EA5C8165-3ADE-40F5-9A5E-DC61895BC397}.Debug|x64.Build.0 = Debug|Any CPU
		{EA5C8165-3ADE-40F5-9A5E-DC61895BC397}.Debug|x86.ActiveCfg = Debug|Any CPU
		{EA5C8165-3ADE-40F5-9A5E-DC61895BC397}.Debug|x86.Build.0 = Debug|Any CPU
		{EA5C8165-3ADE-40F5-9A5E-DC61895BC397}.Release|Any CPU.ActiveCfg = Release|Any CPU
		{EA5C8165-3ADE-40F5-9A5E-DC61895BC397}.Release|Any CPU.Build.0 = Release|Any CPU
		{EA5C8165-3ADE-40F5-9A5E-DC61895BC397}.Release|x64.ActiveCfg = Release|Any CPU
		{EA5C8165-3ADE-40F5-9A5E-DC61895BC397}.Release|x64.Build.0 = Release|Any CPU
		{EA5C8165-3ADE-40F5-9A5E-DC61895BC397}.Release|x86.ActiveCfg = Release|Any CPU
		{EA5C8165-3ADE-40F5-9A5E-DC61895BC397}.Release|x86.Build.0 = Release|Any CPU
		{F345770E-78AF-4F33-8FE3-55CB85CB47AA}.Debug|Any CPU.ActiveCfg = Debug|Any CPU
		{F345770E-78AF-4F33-8FE3-55CB85CB47AA}.Debug|Any CPU.Build.0 = Debug|Any CPU
		{F345770E-78AF-4F33-8FE3-55CB85CB47AA}.Debug|x64.ActiveCfg = Debug|Any CPU
		{F345770E-78AF-4F33-8FE3-55CB85CB47AA}.Debug|x64.Build.0 = Debug|Any CPU
		{F345770E-78AF-4F33-8FE3-55CB85CB47AA}.Debug|x86.ActiveCfg = Debug|Any CPU
		{F345770E-78AF-4F33-8FE3-55CB85CB47AA}.Debug|x86.Build.0 = Debug|Any CPU
		{F345770E-78AF-4F33-8FE3-55CB85CB47AA}.Release|Any CPU.ActiveCfg = Release|Any CPU
		{F345770E-78AF-4F33-8FE3-55CB85CB47AA}.Release|Any CPU.Build.0 = Release|Any CPU
		{F345770E-78AF-4F33-8FE3-55CB85CB47AA}.Release|x64.ActiveCfg = Release|Any CPU
		{F345770E-78AF-4F33-8FE3-55CB85CB47AA}.Release|x64.Build.0 = Release|Any CPU
		{F345770E-78AF-4F33-8FE3-55CB85CB47AA}.Release|x86.ActiveCfg = Release|Any CPU
		{F345770E-78AF-4F33-8FE3-55CB85CB47AA}.Release|x86.Build.0 = Release|Any CPU
		{E2D0ECE7-010B-410C-87D7-70EFCE785C24}.Debug|Any CPU.ActiveCfg = Debug|Any CPU
		{E2D0ECE7-010B-410C-87D7-70EFCE785C24}.Debug|Any CPU.Build.0 = Debug|Any CPU
		{E2D0ECE7-010B-410C-87D7-70EFCE785C24}.Debug|x64.ActiveCfg = Debug|Any CPU
		{E2D0ECE7-010B-410C-87D7-70EFCE785C24}.Debug|x64.Build.0 = Debug|Any CPU
		{E2D0ECE7-010B-410C-87D7-70EFCE785C24}.Debug|x86.ActiveCfg = Debug|Any CPU
		{E2D0ECE7-010B-410C-87D7-70EFCE785C24}.Debug|x86.Build.0 = Debug|Any CPU
		{E2D0ECE7-010B-410C-87D7-70EFCE785C24}.Release|Any CPU.ActiveCfg = Release|Any CPU
		{E2D0ECE7-010B-410C-87D7-70EFCE785C24}.Release|Any CPU.Build.0 = Release|Any CPU
		{E2D0ECE7-010B-410C-87D7-70EFCE785C24}.Release|x64.ActiveCfg = Release|Any CPU
		{E2D0ECE7-010B-410C-87D7-70EFCE785C24}.Release|x64.Build.0 = Release|Any CPU
		{E2D0ECE7-010B-410C-87D7-70EFCE785C24}.Release|x86.ActiveCfg = Release|Any CPU
		{E2D0ECE7-010B-410C-87D7-70EFCE785C24}.Release|x86.Build.0 = Release|Any CPU
		{E3CE3968-82DE-445F-95E0-E4E65F822857}.Debug|Any CPU.ActiveCfg = Debug|Any CPU
		{E3CE3968-82DE-445F-95E0-E4E65F822857}.Debug|Any CPU.Build.0 = Debug|Any CPU
		{E3CE3968-82DE-445F-95E0-E4E65F822857}.Debug|x64.ActiveCfg = Debug|Any CPU
		{E3CE3968-82DE-445F-95E0-E4E65F822857}.Debug|x64.Build.0 = Debug|Any CPU
		{E3CE3968-82DE-445F-95E0-E4E65F822857}.Debug|x86.ActiveCfg = Debug|Any CPU
		{E3CE3968-82DE-445F-95E0-E4E65F822857}.Debug|x86.Build.0 = Debug|Any CPU
		{E3CE3968-82DE-445F-95E0-E4E65F822857}.Release|Any CPU.ActiveCfg = Release|Any CPU
		{E3CE3968-82DE-445F-95E0-E4E65F822857}.Release|Any CPU.Build.0 = Release|Any CPU
		{E3CE3968-82DE-445F-95E0-E4E65F822857}.Release|x64.ActiveCfg = Release|Any CPU
		{E3CE3968-82DE-445F-95E0-E4E65F822857}.Release|x64.Build.0 = Release|Any CPU
		{E3CE3968-82DE-445F-95E0-E4E65F822857}.Release|x86.ActiveCfg = Release|Any CPU
		{E3CE3968-82DE-445F-95E0-E4E65F822857}.Release|x86.Build.0 = Release|Any CPU
		{AAAAC43B-EE20-468D-89B4-097640DD7842}.Debug|Any CPU.ActiveCfg = Debug|Any CPU
		{AAAAC43B-EE20-468D-89B4-097640DD7842}.Debug|Any CPU.Build.0 = Debug|Any CPU
		{AAAAC43B-EE20-468D-89B4-097640DD7842}.Debug|x64.ActiveCfg = Debug|Any CPU
		{AAAAC43B-EE20-468D-89B4-097640DD7842}.Debug|x64.Build.0 = Debug|Any CPU
		{AAAAC43B-EE20-468D-89B4-097640DD7842}.Debug|x86.ActiveCfg = Debug|Any CPU
		{AAAAC43B-EE20-468D-89B4-097640DD7842}.Debug|x86.Build.0 = Debug|Any CPU
		{AAAAC43B-EE20-468D-89B4-097640DD7842}.Release|Any CPU.ActiveCfg = Release|Any CPU
		{AAAAC43B-EE20-468D-89B4-097640DD7842}.Release|Any CPU.Build.0 = Release|Any CPU
		{AAAAC43B-EE20-468D-89B4-097640DD7842}.Release|x64.ActiveCfg = Release|Any CPU
		{AAAAC43B-EE20-468D-89B4-097640DD7842}.Release|x64.Build.0 = Release|Any CPU
		{AAAAC43B-EE20-468D-89B4-097640DD7842}.Release|x86.ActiveCfg = Release|Any CPU
		{AAAAC43B-EE20-468D-89B4-097640DD7842}.Release|x86.Build.0 = Release|Any CPU
		{3D140C7A-A0D0-451A-A7C3-DB52AFB291B6}.Debug|Any CPU.ActiveCfg = Debug|Any CPU
		{3D140C7A-A0D0-451A-A7C3-DB52AFB291B6}.Debug|Any CPU.Build.0 = Debug|Any CPU
		{3D140C7A-A0D0-451A-A7C3-DB52AFB291B6}.Debug|x64.ActiveCfg = Debug|Any CPU
		{3D140C7A-A0D0-451A-A7C3-DB52AFB291B6}.Debug|x64.Build.0 = Debug|Any CPU
		{3D140C7A-A0D0-451A-A7C3-DB52AFB291B6}.Debug|x86.ActiveCfg = Debug|Any CPU
		{3D140C7A-A0D0-451A-A7C3-DB52AFB291B6}.Debug|x86.Build.0 = Debug|Any CPU
		{3D140C7A-A0D0-451A-A7C3-DB52AFB291B6}.Release|Any CPU.ActiveCfg = Release|Any CPU
		{3D140C7A-A0D0-451A-A7C3-DB52AFB291B6}.Release|Any CPU.Build.0 = Release|Any CPU
		{3D140C7A-A0D0-451A-A7C3-DB52AFB291B6}.Release|x64.ActiveCfg = Release|Any CPU
		{3D140C7A-A0D0-451A-A7C3-DB52AFB291B6}.Release|x64.Build.0 = Release|Any CPU
		{3D140C7A-A0D0-451A-A7C3-DB52AFB291B6}.Release|x86.ActiveCfg = Release|Any CPU
		{3D140C7A-A0D0-451A-A7C3-DB52AFB291B6}.Release|x86.Build.0 = Release|Any CPU
		{A47EE57F-72C6-4C8A-9423-D73DD24C219C}.Debug|Any CPU.ActiveCfg = Debug|Any CPU
		{A47EE57F-72C6-4C8A-9423-D73DD24C219C}.Debug|Any CPU.Build.0 = Debug|Any CPU
		{A47EE57F-72C6-4C8A-9423-D73DD24C219C}.Debug|x64.ActiveCfg = Debug|Any CPU
		{A47EE57F-72C6-4C8A-9423-D73DD24C219C}.Debug|x64.Build.0 = Debug|Any CPU
		{A47EE57F-72C6-4C8A-9423-D73DD24C219C}.Debug|x86.ActiveCfg = Debug|Any CPU
		{A47EE57F-72C6-4C8A-9423-D73DD24C219C}.Debug|x86.Build.0 = Debug|Any CPU
		{A47EE57F-72C6-4C8A-9423-D73DD24C219C}.Release|Any CPU.ActiveCfg = Release|Any CPU
		{A47EE57F-72C6-4C8A-9423-D73DD24C219C}.Release|Any CPU.Build.0 = Release|Any CPU
		{A47EE57F-72C6-4C8A-9423-D73DD24C219C}.Release|x64.ActiveCfg = Release|Any CPU
		{A47EE57F-72C6-4C8A-9423-D73DD24C219C}.Release|x64.Build.0 = Release|Any CPU
		{A47EE57F-72C6-4C8A-9423-D73DD24C219C}.Release|x86.ActiveCfg = Release|Any CPU
		{A47EE57F-72C6-4C8A-9423-D73DD24C219C}.Release|x86.Build.0 = Release|Any CPU
	EndGlobalSection
	GlobalSection(SolutionProperties) = preSolution
		HideSolutionNode = FALSE
	EndGlobalSection
	GlobalSection(NestedProjects) = preSolution
		{24886977-3F92-472A-CE4F-C0024B1BC085} = {5854FF58-B8C5-05C6-5BF2-ACE42193F22B}
		{0CC00888-3990-5485-A784-E79637577312} = {24886977-3F92-472A-CE4F-C0024B1BC085}
		{6944CA36-4D98-4F36-BDF6-6C130CA2E58A} = {0CC00888-3990-5485-A784-E79637577312}
		{FF94DE4B-C5CE-44B4-9910-E9D2CE548FCF} = {0CC00888-3990-5485-A784-E79637577312}
		{259EB777-E1FA-4AB8-A6AE-1653DE677605} = {0CC00888-3990-5485-A784-E79637577312}
		{6E7871A8-BD9B-4597-9AED-79FBD7F1B170} = {0CC00888-3990-5485-A784-E79637577312}
		{63D78E7C-6DEE-40E8-8DB3-B424B665B9AE} = {0CC00888-3990-5485-A784-E79637577312}
		{665E2A4D-2C4D-494F-9A81-0FEB330DA54D} = {0CC00888-3990-5485-A784-E79637577312}
		{BB9B0570-D764-F740-A1C1-3444BA1D5022} = {5854FF58-B8C5-05C6-5BF2-ACE42193F22B}
		{C3D55D52-5DFC-885D-2B4A-9508FC7D90C4} = {BB9B0570-D764-F740-A1C1-3444BA1D5022}
		{B8E289DD-B3AB-4E37-8424-E3E4D6153CD0} = {C3D55D52-5DFC-885D-2B4A-9508FC7D90C4}
		{CF7EC3A1-7AE8-45E1-A061-E83030757122} = {C3D55D52-5DFC-885D-2B4A-9508FC7D90C4}
		{DA0570E2-C45D-4D60-A24E-6F7A942CAFA0} = {C3D55D52-5DFC-885D-2B4A-9508FC7D90C4}
		{40A2F8C8-2957-4B4B-8293-052B75F5C12D} = {C3D55D52-5DFC-885D-2B4A-9508FC7D90C4}
		{265A706D-6297-4DAE-B3FD-38915CE084DF} = {C3D55D52-5DFC-885D-2B4A-9508FC7D90C4}
		{20CA82F3-0178-4D44-918D-B97A5B62A67A} = {C3D55D52-5DFC-885D-2B4A-9508FC7D90C4}
		{2CBE1D28-0EC7-3B19-3A36-675A4D1AD6AD} = {5854FF58-B8C5-05C6-5BF2-ACE42193F22B}
		{CDA85012-73F4-D2AB-FE52-B7E59A0E5A08} = {2CBE1D28-0EC7-3B19-3A36-675A4D1AD6AD}
		{F6E018DD-D39B-4738-9E0F-CD372733EB4E} = {CDA85012-73F4-D2AB-FE52-B7E59A0E5A08}
		{1E8E2076-FD6C-4148-AC9A-127B880BC902} = {CDA85012-73F4-D2AB-FE52-B7E59A0E5A08}
		{F15CA170-1FC1-4BE8-ADB3-1AFF42C8B78D} = {CDA85012-73F4-D2AB-FE52-B7E59A0E5A08}
		{45B70A26-7889-480A-BDE4-F927C2E98161} = {CDA85012-73F4-D2AB-FE52-B7E59A0E5A08}
		{A991914F-0B07-4715-AA96-3FEB5DBF24A9} = {CDA85012-73F4-D2AB-FE52-B7E59A0E5A08}
		{119FADA1-4CA5-4697-AD45-A8229C73D7FF} = {CDA85012-73F4-D2AB-FE52-B7E59A0E5A08}
		{B2371C85-EE22-8BA6-6B52-3885C4B67810} = {5854FF58-B8C5-05C6-5BF2-ACE42193F22B}
		{88A35435-571F-0901-64FB-6FD573CE7C29} = {B2371C85-EE22-8BA6-6B52-3885C4B67810}
		{EA5C8165-3ADE-40F5-9A5E-DC61895BC397} = {88A35435-571F-0901-64FB-6FD573CE7C29}
		{F345770E-78AF-4F33-8FE3-55CB85CB47AA} = {88A35435-571F-0901-64FB-6FD573CE7C29}
		{E2D0ECE7-010B-410C-87D7-70EFCE785C24} = {88A35435-571F-0901-64FB-6FD573CE7C29}
		{E3CE3968-82DE-445F-95E0-E4E65F822857} = {88A35435-571F-0901-64FB-6FD573CE7C29}
		{AAAAC43B-EE20-468D-89B4-097640DD7842} = {88A35435-571F-0901-64FB-6FD573CE7C29}
		{3D140C7A-A0D0-451A-A7C3-DB52AFB291B6} = {88A35435-571F-0901-64FB-6FD573CE7C29}
		{A47EE57F-72C6-4C8A-9423-D73DD24C219C} = {5854FF58-B8C5-05C6-5BF2-ACE42193F22B}
	EndGlobalSection
EndGlobal
